# This file is autogenerated, do not edit; changes may be undone by the next 'dep ensure'.


[[projects]]
  branch = "master"
  digest = "1:0778dc7fce1b4669a8bfa7ae506ec1f595b6ab0f8989c1c0d22a8ca1144e9972"
  name = "github.com/howeyc/gopass"
  packages = ["."]
  pruneopts = "UT"
  revision = "bf9dde6d0d2c004a008c27aaee91170c786f6db8"

[[projects]]
  digest = "1:463e4140189f8194f9121ca1c7fe3b8e9e9a2ab3d949b43c835c21034927dc62"
  name = "github.com/miekg/dns"
  packages = ["."]
  pruneopts = "UT"
  revision = "5a2b9fab83ff0f8bfc99684bd5f43a37abe560f1"
  version = "v1.0.8"

[[projects]]
  digest = "1:5957fa019e032db3ee0f9664e7c7d00256ca54399c7e4db8acb4ff677156f1ad"
  name = "github.com/xenolf/lego"
  packages = [
    "acme",
    "log",
  ]
  pruneopts = "UT"
  revision = "27e0f97c9df37cad8c4ba0ef1d133fa57afb7469"
  version = "v1.0.1"

[[projects]]
  branch = "master"
  digest = "1:989d46985e1793b9f81fcc96ab841287556d07c3360716c9dc4cf0b673e51562"
  name = "golang.org/x/crypto"
  packages = [
    "ed25519",
    "ed25519/internal/edwards25519",
    "ocsp",
    "ssh/terminal",
  ]
  pruneopts = "UT"
  revision = "56440b844dfe139a8ac053f4ecac0b20b79058f4"

[[projects]]
  branch = "master"
  digest = "1:ca1b9c3665e789225f61649847c796439a79b2cb9f1e5b966e55637ebeeb0fcf"
  name = "golang.org/x/net"
  packages = [
    "bpf",
    "internal/iana",
    "internal/socket",
    "ipv4",
    "ipv6",
  ]
  pruneopts = "UT"
  revision = "f4c29de78a2a91c00474a2e689954305c350adf9"

[[projects]]
  branch = "master"
  digest = "1:bdd70b95d2f0faaad6d9e259aad84738c6bdeb8f45245be6487e88df45f5a0f1"
  name = "golang.org/x/sys"
  packages = [
    "unix",
    "windows",
  ]
  pruneopts = "UT"
  revision = "0ffbfd41fbef8ffcf9b62b0b0aa3a5873ed7a4fe"

[[projects]]
  branch = "master"
  digest = "1:0815449d67ae5effca8c713e0a3f4f59f87ce891a1828f38cf6bbfd7ae94aa25"
  name = "golang.org/x/text"
  packages = [
    "encoding",
    "encoding/internal",
    "encoding/internal/identifier",
    "encoding/unicode",
    "internal/gen",
    "internal/utf8internal",
    "runes",
    "transform",
    "unicode/cldr",
  ]
  pruneopts = "UT"
  revision = "cb6730876b985e110843c1842a7a63a63677cf08"

[[projects]]
  digest = "1:854bc058ebb4ff58a262e2c324d6582c344575489a01b47a6d083ae3f91f4daa"
  name = "gopkg.in/square/go-jose.v2"
  packages = [
    ".",
    "cipher",
    "json",
  ]
  pruneopts = "UT"
  revision = "349dc03548930652802aadc09fb126e2b7cb6d80"
  version = "v2.1.7"

[solve-meta]
  analyzer-name = "dep"
  analyzer-version = 1
  input-imports = [
    "github.com/howeyc/gopass",
    "github.com/xenolf/lego/acme",
    "golang.org/x/text/encoding/unicode",
    "golang.org/x/text/transform",
  ]
  solver-name = "gps-cdcl"
  solver-version = 1
